// !$*UTF8*$!
{
	archiveVersion = 1;
	classes = {
	};
	objectVersion = 50;
	objects = {

/* Begin PBXBuildFile section */
		28C50D1925D21A29000F13E7 /* AppDelegate.swift in Sources */ = {isa = PBXBuildFile; fileRef = 28C50D1825D21A29000F13E7 /* AppDelegate.swift */; };
		28C50D1B25D21A29000F13E7 /* SceneDelegate.swift in Sources */ = {isa = PBXBuildFile; fileRef = 28C50D1A25D21A29000F13E7 /* SceneDelegate.swift */; };
		28C50D1D25D21A29000F13E7 /* ViewController.swift in Sources */ = {isa = PBXBuildFile; fileRef = 28C50D1C25D21A29000F13E7 /* ViewController.swift */; };
		28C50D2025D21A29000F13E7 /* Main.storyboard in Resources */ = {isa = PBXBuildFile; fileRef = 28C50D1E25D21A29000F13E7 /* Main.storyboard */; };
		28C50D2225D21A2A000F13E7 /* Assets.xcassets in Resources */ = {isa = PBXBuildFile; fileRef = 28C50D2125D21A2A000F13E7 /* Assets.xcassets */; };
		28C50D2525D21A2A000F13E7 /* LaunchScreen.storyboard in Resources */ = {isa = PBXBuildFile; fileRef = 28C50D2325D21A2A000F13E7 /* LaunchScreen.storyboard */; };
		28C50D3125D21BA0000F13E7 /* lamp_off.png in Resources */ = {isa = PBXBuildFile; fileRef = 28C50D2F25D21BA0000F13E7 /* lamp_off.png */; };
		28C50D3225D21BA0000F13E7 /* lamp_on.png in Resources */ = {isa = PBXBuildFile; fileRef = 28C50D3025D21BA0000F13E7 /* lamp_on.png */; };
		28C50D3525D21C2B000F13E7 /* ImageViewController.swift in Sources */ = {isa = PBXBuildFile; fileRef = 28C50D3425D21C2B000F13E7 /* ImageViewController.swift */; };
		28C50D3825D21C51000F13E7 /* DateViewController.swift in Sources */ = {isa = PBXBuildFile; fileRef = 28C50D3725D21C51000F13E7 /* DateViewController.swift */; };
/* End PBXBuildFile section */

/* Begin PBXFileReference section */
		28C50D1525D21A29000F13E7 /* TabBar.app */ = {isa = PBXFileReference; explicitFileType = wrapper.application; includeInIndex = 0; path = TabBar.app; sourceTree = BUILT_PRODUCTS_DIR; };
		28C50D1825D21A29000F13E7 /* AppDelegate.swift */ = {isa = PBXFileReference; lastKnownFileType = sourcecode.swift; path = AppDelegate.swift; sourceTree = "<group>"; };
		28C50D1A25D21A29000F13E7 /* SceneDelegate.swift */ = {isa = PBXFileReference; lastKnownFileType = sourcecode.swift; path = SceneDelegate.swift; sourceTree = "<group>"; };
		28C50D1C25D21A29000F13E7 /* ViewController.swift */ = {isa = PBXFileReference; lastKnownFileType = sourcecode.swift; path = ViewController.swift; sourceTree = "<group>"; };
		28C50D1F25D21A29000F13E7 /* Base */ = {isa = PBXFileReference; lastKnownFileType = file.storyboard; name = Base; path = Base.lproj/Main.storyboard; sourceTree = "<group>"; };
		28C50D2125D21A2A000F13E7 /* Assets.xcassets */ = {isa = PBXFileReference; lastKnownFileType = folder.assetcatalog; path = Assets.xcassets; sourceTree = "<group>"; };
		28C50D2425D21A2A000F13E7 /* Base */ = {isa = PBXFileReference; lastKnownFileType = file.storyboard; name = Base; path = Base.lproj/LaunchScreen.storyboard; sourceTree = "<group>"; };
		28C50D2625D21A2A000F13E7 /* Info.plist */ = {isa = PBXFileReference; lastKnownFileType = text.plist.xml; path = Info.plist; sourceTree = "<group>"; };
		28C50D2F25D21BA0000F13E7 /* lamp_off.png */ = {isa = PBXFileReference; lastKnownFileType = image.png; path = lamp_off.png; sourceTree = "<group>"; };
		28C50D3025D21BA0000F13E7 /* lamp_on.png */ = {isa = PBXFileReference; lastKnownFileType = image.png; path = lamp_on.png; sourceTree = "<group>"; };
		28C50D3425D21C2B000F13E7 /* ImageViewController.swift */ = {isa = PBXFileReference; fileEncoding = 4; lastKnownFileType = sourcecode.swift; path = ImageViewController.swift; sourceTree = "<group>"; };
		28C50D3725D21C51000F13E7 /* DateViewController.swift */ = {isa = PBXFileReference; fileEncoding = 4; lastKnownFileType = sourcecode.swift; path = DateViewController.swift; sourceTree = "<group>"; };
/* End PBXFileReference section */

/* Begin PBXFrameworksBuildPhase section */
		28C50D1225D21A29000F13E7 /* Frameworks */ = {
			isa = PBXFrameworksBuildPhase;
			buildActionMask = 2147483647;
			files = (
			);
			runOnlyForDeploymentPostprocessing = 0;
		};
/* End PBXFrameworksBuildPhase section */

/* Begin PBXGroup section */
		28C50D0C25D21A29000F13E7 = {
			isa = PBXGroup;
			children = (
				28C50D1725D21A29000F13E7 /* TabBar */,
				28C50D1625D21A29000F13E7 /* Products */,
			);
			sourceTree = "<group>";
		};
		28C50D1625D21A29000F13E7 /* Products */ = {
			isa = PBXGroup;
			children = (
				28C50D1525D21A29000F13E7 /* TabBar.app */,
			);
			name = Products;
			sourceTree = "<group>";
		};
		28C50D1725D21A29000F13E7 /* TabBar */ = {
			isa = PBXGroup;
			children = (
				28C50D2E25D21B92000F13E7 /* Images */,
				28C50D1825D21A29000F13E7 /* AppDelegate.swift */,
				28C50D1A25D21A29000F13E7 /* SceneDelegate.swift */,
				28C50D1C25D21A29000F13E7 /* ViewController.swift */,
				28C50D3425D21C2B000F13E7 /* ImageViewController.swift */,
				28C50D3725D21C51000F13E7 /* DateViewController.swift */,
				28C50D1E25D21A29000F13E7 /* Main.storyboard */,
				28C50D2125D21A2A000F13E7 /* Assets.xcassets */,
				28C50D2325D21A2A000F13E7 /* LaunchScreen.storyboard */,
				28C50D2625D21A2A000F13E7 /* Info.plist */,
			);
			path = TabBar;
			sourceTree = "<group>";
		};
		28C50D2E25D21B92000F13E7 /* Images */ = {
			isa = PBXGroup;
			children = (
				28C50D2F25D21BA0000F13E7 /* lamp_off.png */,
				28C50D3025D21BA0000F13E7 /* lamp_on.png */,
			);
			path = Images;
			sourceTree = "<group>";
		};
/* End PBXGroup section */

/* Begin PBXNativeTarget section */
		28C50D1425D21A29000F13E7 /* TabBar */ = {
			isa = PBXNativeTarget;
			buildConfigurationList = 28C50D2925D21A2A000F13E7 /* Build configuration list for PBXNativeTarget "TabBar" */;
			buildPhases = (
				28C50D1125D21A29000F13E7 /* Sources */,
				28C50D1225D21A29000F13E7 /* Frameworks */,
				28C50D1325D21A29000F13E7 /* Resources */,
			);
			buildRules = (
			);
			dependencies = (
			);
			name = TabBar;
			productName = TabBar;
			productReference = 28C50D1525D21A29000F13E7 /* TabBar.app */;
			productType = "com.apple.product-type.application";
		};
/* End PBXNativeTarget section */

/* Begin PBXProject section */
		28C50D0D25D21A29000F13E7 /* Project object */ = {
			isa = PBXProject;
			attributes = {
				LastSwiftUpdateCheck = 1240;
				LastUpgradeCheck = 1240;
				TargetAttributes = {
					28C50D1425D21A29000F13E7 = {
						CreatedOnToolsVersion = 12.4;
					};
				};
			};
			buildConfigurationList = 28C50D1025D21A29000F13E7 /* Build configuration list for PBXProject "TabBar" */;
			compatibilityVersion = "Xcode 9.3";
			developmentRegion = en;
			hasScannedForEncodings = 0;
			knownRegions = (
				en,
				Base,
			);
			mainGroup = 28C50D0C25D21A29000F13E7;
			productRefGroup = 28C50D1625D21A29000F13E7 /* Products */;
			projectDirPath = "";
			projectRoot = "";
			targets = (
				28C50D1425D21A29000F13E7 /* TabBar */,
			);
		};
/* End PBXProject section */

/* Begin PBXResourcesBuildPhase section */
		28C50D1325D21A29000F13E7 /* Resources */ = {
			isa = PBXResourcesBuildPhase;
			buildActionMask = 2147483647;
			files = (
				28C50D2525D21A2A000F13E7 /* LaunchScreen.storyboard in Resources */,
				28C50D2225D21A2A000F13E7 /* Assets.xcassets in Resources */,
				28C50D3225D21BA0000F13E7 /* lamp_on.png in Resources */,
				28C50D2025D21A29000F13E7 /* Main.storyboard in Resources */,
				28C50D3125D21BA0000F13E7 /* lamp_off.png in Resources */,
			);
			runOnlyForDeploymentPostprocessing = 0;
		};
/* End PBXResourcesBuildPhase section */

/* Begin PBXSourcesBuildPhase section */
		28C50D1125D21A29000F13E7 /* Sources */ = {
			isa = PBXSourcesBuildPhase;
			buildActionMask = 2147483647;
			files = (
				28C50D3825D21C51000F13E7 /* DateViewController.swift in Sources */,
				28C50D1D25D21A29000F13E7 /* ViewController.swift in Sources */,
				28C50D1925D21A29000F13E7 /* AppDelegate.swift in Sources */,
				28C50D3525D21C2B000F13E7 /* ImageViewController.swift in Sources */,
				28C50D1B25D21A29000F13E7 /* SceneDelegate.swift in Sources */,
			);
			runOnlyForDeploymentPostprocessing = 0;
		};
/* End PBXSourcesBuildPhase section */

/* Begin PBXVariantGroup section */
		28C50D1E25D21A29000F13E7 /* Main.storyboard */ = {
			isa = PBXVariantGroup;
			children = (
				28C50D1F25D21A29000F13E7 /* Base */,
			);
			name = Main.storyboard;
			sourceTree = "<group>";
		};
		28C50D2325D21A2A000F13E7 /* LaunchScreen.storyboard */ = {
			isa = PBXVariantGroup;
			children = (
				28C50D2425D21A2A000F13E7 /* Base */,
			);
			name = LaunchScreen.storyboard;
			sourceTree = "<group>";
		};
/* End PBXVariantGroup section */

/* Begin XCBuildConfiguration section */
		28C50D2725D21A2A000F13E7 /* Debug */ = {
			isa = XCBuildConfiguration;
			buildSettings = {
				ALWAYS_SEARCH_USER_PATHS = NO;
				CLANG_ANALYZER_NONNULL = YES;
				CLANG_ANALYZER_NUMBER_OBJECT_CONVERSION = YES_AGGRESSIVE;
				CLANG_CXX_LANGUAGE_STANDARD = "gnu++14";
				CLANG_CXX_LIBRARY = "libc++";
				CLANG_ENABLE_MODULES = YES;
				CLANG_ENABLE_OBJC_ARC = YES;
				CLANG_ENABLE_OBJC_WEAK = YES;
				CLANG_WARN_BLOCK_CAPTURE_AUTORELEASING = YES;
				CLANG_WARN_BOOL_CONVERSION = YES;
				CLANG_WARN_COMMA = YES;
				CLANG_WARN_CONSTANT_CONVERSION = YES;
				CLANG_WARN_DEPRECATED_OBJC_IMPLEMENTATIONS = YES;
				CLANG_WARN_DIRECT_OBJC_ISA_USAGE = YES_ERROR;
				CLANG_WARN_DOCUMENTATION_COMMENTS = YES;
				CLANG_WARN_EMPTY_BODY = YES;
				CLANG_WARN_ENUM_CONVERSION = YES;
				CLANG_WARN_INFINITE_RECURSION = YES;
				CLANG_WARN_INT_CONVERSION = YES;
				CLANG_WARN_NON_LITERAL_NULL_CONVERSION = YES;
				CLANG_WARN_OBJC_IMPLICIT_RETAIN_SELF = YES;
				CLANG_WARN_OBJC_LITERAL_CONVERSION = YES;
				CLANG_WARN_OBJC_ROOT_CLASS = YES_ERROR;
				CLANG_WARN_QUOTED_INCLUDE_IN_FRAMEWORK_HEADER = YES;
				CLANG_WARN_RANGE_LOOP_ANALYSIS = YES;
				CLANG_WARN_STRICT_PROTOTYPES = YES;
				CLANG_WARN_SUSPICIOUS_MOVE = YES;
				CLANG_WARN_UNGUARDED_AVAILABILITY = YES_AGGRESSIVE;
				CLANG_WARN_UNREACHABLE_CODE = YES;
				CLANG_WARN__DUPLICATE_METHOD_MATCH = YES;
				COPY_PHASE_STRIP = NO;
				DEBUG_INFORMATION_FORMAT = dwarf;
				ENABLE_STRICT_OBJC_MSGSEND = YES;
				ENABLE_TESTABILITY = YES;
				GCC_C_LANGUAGE_STANDARD = gnu11;
				GCC_DYNAMIC_NO_PIC = NO;
				GCC_NO_COMMON_BLOCKS = YES;
				GCC_OPTIMIZATION_LEVEL = 0;
				GCC_PREPROCESSOR_DEFINITIONS = (
					"DEBUG=1",
					"$(inherited)",
				);
				GCC_WARN_64_TO_32_BIT_CONVERSION = YES;
				GCC_WARN_ABOUT_RETURN_TYPE = YES_ERROR;
				GCC_WARN_UNDECLARED_SELECTOR = YES;
				GCC_WARN_UNINITIALIZED_AUTOS = YES_AGGRESSIVE;
				GCC_WARN_UNUSED_FUNCTION = YES;
				GCC_WARN_UNUSED_VARIABLE = YES;
				IPHONEOS_DEPLOYMENT_TARGET = 14.4;
				MTL_ENABLE_DEBUG_INFO = INCLUDE_SOURCE;
				MTL_FAST_MATH = YES;
				ONLY_ACTIVE_ARCH = YES;
				SDKROOT = iphoneos;
				SWIFT_ACTIVE_COMPILATION_CONDITIONS = DEBUG;
				SWIFT_OPTIMIZATION_LEVEL = "-Onone";
			};
			name = Debug;
		};
		28C50D2825D21A2A000F13E7 /* Release */ = {
			isa = XCBuildConfiguration;
			buildSettings = {
				ALWAYS_SEARCH_USER_PATHS = NO;
				CLANG_ANALYZER_NONNULL = YES;
				CLANG_ANALYZER_NUMBER_OBJECT_CONVERSION = YES_AGGRESSIVE;
				CLANG_CXX_LANGUAGE_STANDARD = "gnu++14";
				CLANG_CXX_LIBRARY = "libc++";
				CLANG_ENABLE_MODULES = YES;
				CLANG_ENABLE_OBJC_ARC = YES;
				CLANG_ENABLE_OBJC_WEAK = YES;
				CLANG_WARN_BLOCK_CAPTURE_AUTORELEASING = YES;
				CLANG_WARN_BOOL_CONVERSION = YES;
				CLANG_WARN_COMMA = YES;
				CLANG_WARN_CONSTANT_CONVERSION = YES;
				CLANG_WARN_DEPRECATED_OBJC_IMPLEMENTATIONS = YES;
				CLANG_WARN_DIRECT_OBJC_ISA_USAGE = YES_ERROR;
				CLANG_WARN_DOCUMENTATION_COMMENTS = YES;
				CLANG_WARN_EMPTY_BODY = YES;
				CLANG_WARN_ENUM_CONVERSION = YES;
				CLANG_WARN_INFINITE_RECURSION = YES;
				CLANG_WARN_INT_CONVERSION = YES;
				CLANG_WARN_NON_LITERAL_NULL_CONVERSION = YES;
				CLANG_WARN_OBJC_IMPLICIT_RETAIN_SELF = YES;
				CLANG_WARN_OBJC_LITERAL_CONVERSION = YES;
				CLANG_WARN_OBJC_ROOT_CLASS = YES_ERROR;
				CLANG_WARN_QUOTED_INCLUDE_IN_FRAMEWORK_HEADER = YES;
				CLANG_WARN_RANGE_LOOP_ANALYSIS = YES;
				CLANG_WARN_STRICT_PROTOTYPES = YES;
				CLANG_WARN_SUSPICIOUS_MOVE = YES;
				CLANG_WARN_UNGUARDED_AVAILABILITY = YES_AGGRESSIVE;
				CLANG_WARN_UNREACHABLE_CODE = YES;
				CLANG_WARN__DUPLICATE_METHOD_MATCH = YES;
				COPY_PHASE_STRIP = NO;
				DEBUG_INFORMATION_FORMAT = "dwarf-with-dsym";
				ENABLE_NS_ASSERTIONS = NO;
				ENABLE_STRICT_OBJC_MSGSEND = YES;
				GCC_C_LANGUAGE_STANDARD = gnu11;
				GCC_NO_COMMON_BLOCKS = YES;
				GCC_WARN_64_TO_32_BIT_CONVERSION = YES;
				GCC_WARN_ABOUT_RETURN_TYPE = YES_ERROR;
				GCC_WARN_UNDECLARED_SELECTOR = YES;
				GCC_WARN_UNINITIALIZED_AUTOS = YES_AGGRESSIVE;
				GCC_WARN_UNUSED_FUNCTION = YES;
				GCC_WARN_UNUSED_VARIABLE = YES;
				IPHONEOS_DEPLOYMENT_TARGET = 14.4;
				MTL_ENABLE_DEBUG_INFO = NO;
				MTL_FAST_MATH = YES;
				SDKROOT = iphoneos;
				SWIFT_COMPILATION_MODE = wholemodule;
				SWIFT_OPTIMIZATION_LEVEL = "-O";
				VALIDATE_PRODUCT = YES;
			};
			name = Release;
		};
		28C50D2A25D21A2A000F13E7 /* Debug */ = {
			isa = XCBuildConfiguration;
			buildSettings = {
				ASSETCATALOG_COMPILER_APPICON_NAME = AppIcon;
				ASSETCATALOG_COMPILER_GLOBAL_ACCENT_COLOR_NAME = AccentColor;
				CODE_SIGN_STYLE = Automatic;
				DEVELOPMENT_TEAM = 3767ZWFMQQ;
				INFOPLIST_FILE = TabBar/Info.plist;
				IPHONEOS_DEPLOYMENT_TARGET = 14.3;
				LD_RUNPATH_SEARCH_PATHS = (
					"$(inherited)",
					"@executable_path/Frameworks",
				);
				PRODUCT_BUNDLE_IDENTIFIER = com.swiftlec.TabBar;
				PRODUCT_NAME = "$(TARGET_NAME)";
				SWIFT_VERSION = 5.0;
				TARGETED_DEVICE_FAMILY = 1;
			};
			name = Debug;
		};
		28C50D2B25D21A2A000F13E7 /* Release */ = {
			isa = XCBuildConfiguration;
			buildSettings = {
				ASSETCATALOG_COMPILER_APPICON_NAME = AppIcon;
				ASSETCATALOG_COMPILER_GLOBAL_ACCENT_COLOR_NAME = AccentColor;
				CODE_SIGN_STYLE = Automatic;
				DEVELOPMENT_TEAM = 3767ZWFMQQ;
				INFOPLIST_FILE = TabBar/Info.plist;
				IPHONEOS_DEPLOYMENT_TARGET = 14.3;
				LD_RUNPATH_SEARCH_PATHS = (
					"$(inherited)",
					"@executable_path/Frameworks",
				);
				PRODUCT_BUNDLE_IDENTIFIER = com.swiftlec.TabBar;
				PRODUCT_NAME = "$(TARGET_NAME)";
				SWIFT_VERSION = 5.0;
				TARGETED_DEVICE_FAMILY = 1;
			};
			name = Release;
		};
/* End XCBuildConfiguration section */

/* Begin XCConfigurationList section */
		28C50D1025D21A29000F13E7 /* Build configuration list for PBXProject "TabBar" */ = {
			isa = XCConfigurationList;
			buildConfigurations = (
				28C50D2725D21A2A000F13E7 /* Debug */,
				28C50D2825D21A2A000F13E7 /* Release */,
			);
			defaultConfigurationIsVisible = 0;
			defaultConfigurationName = Release;
		};
		28C50D2925D21A2A000F13E7 /* Build configuration list for PBXNativeTarget "TabBar" */ = {
			isa = XCConfigurationList;
			buildConfigurations = (
				28C50D2A25D21A2A000F13E7 /* Debug */,
				28C50D2B25D21A2A000F13E7 /* Release */,
			);
			defaultConfigurationIsVisible = 0;
			defaultConfigurationName = Release;
		};
/* End XCConfigurationList section */
	};
	rootObject = 28C50D0D25D21A29000F13E7 /* Project object */;
}
